{
  "version": 4,
  "terraform_version": "1.14.0",
  "serial": 11,
  "lineage": "5fe06068-edf0-3967-b9d0-5c424ffbefa3",
  "outputs": {},
  "resources": [
    {
      "mode": "managed",
      "type": "yandex_kms_symmetric_key",
      "name": "kms_key",
      "provider": "provider[\"registry.terraform.io/yandex-cloud/yandex\"]",
      "instances": [
        {
          "schema_version": 1,
          "attributes": {
            "created_at": "2025-11-27T01:36:19Z",
            "default_algorithm": "AES_256",
            "deletion_protection": false,
            "description": "KMS key for bucket encryption",
            "folder_id": "b1gdbd9pfi1j9lpitol8",
            "id": "abjjlvmq9hgr2leke8b9",
            "labels": null,
            "name": "bucket-encryption-key",
            "rotated_at": "1970-01-01T00:00:00Z",
            "rotation_period": "8760h",
            "status": "ACTIVE",
            "symmetric_key_id": "abjjlvmq9hgr2leke8b9",
            "timeouts": null
          },
          "sensitive_attributes": [],
          "identity_schema_version": 0
        }
      ]
    },
    {
      "mode": "managed",
      "type": "yandex_kms_symmetric_key_iam_binding",
      "name": "kms_usage",
      "provider": "provider[\"registry.terraform.io/yandex-cloud/yandex\"]",
      "instances": [
        {
          "schema_version": 0,
          "attributes": {
            "members": [
              "serviceAccount:ajeq51hj8qfteb1n1sen"
            ],
            "role": "kms.keys.encrypterDecrypter",
            "sleep_after": null,
            "symmetric_key_id": "abjjlvmq9hgr2leke8b9"
          },
          "sensitive_attributes": [],
          "identity_schema_version": 0,
          "dependencies": [
            "yandex_kms_symmetric_key.kms_key"
          ]
        }
      ]
    },
    {
      "mode": "managed",
      "type": "yandex_storage_bucket",
      "name": "bucket",
      "provider": "provider[\"registry.terraform.io/yandex-cloud/yandex\"]",
      "instances": [
        {
          "schema_version": 1,
          "attributes": {
            "access_key": null,
            "acl": null,
            "anonymous_access_flags": [
              {
                "config_read": true,
                "list": true,
                "read": true
              }
            ],
            "bucket": "albertb",
            "bucket_domain_name": "albertb.storage.yandexcloud.net",
            "bucket_prefix": null,
            "cors_rule": [],
            "default_storage_class": "STANDARD",
            "folder_id": "b1gdbd9pfi1j9lpitol8",
            "force_destroy": true,
            "grant": [],
            "https": [],
            "id": "albertb",
            "lifecycle_rule": [],
            "logging": [],
            "max_size": 0,
            "object_lock_configuration": [],
            "policy": "",
            "secret_key": null,
            "server_side_encryption_configuration": [
              {
                "rule": [
                  {
                    "apply_server_side_encryption_by_default": [
                      {
                        "kms_master_key_id": "abjjlvmq9hgr2leke8b9",
                        "sse_algorithm": "aws:kms"
                      }
                    ]
                  }
                ]
              }
            ],
            "tags": {},
            "versioning": [
              {
                "enabled": false
              }
            ],
            "website": [],
            "website_domain": null,
            "website_endpoint": null
          },
          "sensitive_attributes": [
            [
              {
                "type": "get_attr",
                "value": "secret_key"
              }
            ]
          ],
          "identity_schema_version": 0,
          "private": "eyJzY2hlbWFfdmVyc2lvbiI6IjEifQ==",
          "dependencies": [
            "yandex_kms_symmetric_key.kms_key"
          ]
        }
      ]
    },
    {
      "mode": "managed",
      "type": "yandex_storage_bucket_iam_binding",
      "name": "public_access",
      "provider": "provider[\"registry.terraform.io/yandex-cloud/yandex\"]",
      "instances": [
        {
          "schema_version": 0,
          "attributes": {
            "bucket": "albertb",
            "members": [
              "system:allUsers"
            ],
            "role": "storage.viewer"
          },
          "sensitive_attributes": [],
          "identity_schema_version": 0,
          "dependencies": [
            "yandex_kms_symmetric_key.kms_key",
            "yandex_storage_bucket.bucket"
          ]
        }
      ]
    }
  ],
  "check_results": null
}
